
Microsoft Visual Studio Solution File, Format Version 12.00
# Visual Studio Version 17
VisualStudioVersion = 17.14.36705.20 d17.14
MinimumVisualStudioVersion = 10.0.40219.1
Project("{FAE04EC0-301F-11D3-BF4B-00C04F79EFBC}") = "HERRERA_BSIT-201-WMT_LABACT1_FINAL", "HERRERA_BSIT-201-WMT_LABACT1_FINAL\HERRERA_BSIT-201-WMT_LABACT1_FINAL.csproj", "{568672DD-E605-4B2C-AF0B-F503F59947A2}"
EndProject
Global
	GlobalSection(SolutionConfigurationPlatforms) = preSolution
		Debug|Any CPU = Debug|Any CPU
		Release|Any CPU = Release|Any CPU
	EndGlobalSection
	GlobalSection(ProjectConfigurationPlatforms) = postSolution
		{568672DD-E605-4B2C-AF0B-F503F59947A2}.Debug|Any CPU.ActiveCfg = Debug|Any CPU
		{568672DD-E605-4B2C-AF0B-F503F59947A2}.Debug|Any CPU.Build.0 = Debug|Any CPU
		{568672DD-E605-4B2C-AF0B-F503F59947A2}.Release|Any CPU.ActiveCfg = Release|Any CPU
		{568672DD-E605-4B2C-AF0B-F503F59947A2}.Release|Any CPU.Build.0 = Release|Any CPU
	EndGlobalSection
	GlobalSection(SolutionProperties) = preSolution
		HideSolutionNode = FALSE
	EndGlobalSection
	GlobalSection(ExtensibilityGlobals) = postSolution
		SolutionGuid = {9E62249C-96EA-477D-88AC-21AD893F0C9F}
	EndGlobalSection
EndGlobal
